// !$*UTF8*$!
{
	archiveVersion = 1;
	classes = {
	};
	objectVersion = 55;
	objects = {

/* Begin PBXBuildFile section */
		869764EF2D54AF4E0088981E /* AppDelegate.swift in Sources */ = {isa = PBXBuildFile; fileRef = 869764EE2D54AF4E0088981E /* AppDelegate.swift */; };
		869764F12D54AF4E0088981E /* SceneDelegate.swift in Sources */ = {isa = PBXBuildFile; fileRef = 869764F02D54AF4E0088981E /* SceneDelegate.swift */; };
		869764F42D54AF4E0088981E /* LaunchScreen.storyboard in Resources */ = {isa = PBXBuildFile; fileRef = 869764F22D54AF4E0088981E /* LaunchScreen.storyboard */; };
		869764F72D54AF4E0088981E /* Main.storyboard in Resources */ = {isa = PBXBuildFile; fileRef = 869764F52D54AF4E0088981E /* Main.storyboard */; };
		869765002D54AF4E0088981E /* AppDelegate.swift in Sources */ = {isa = PBXBuildFile; fileRef = 869764FF2D54AF4E0088981E /* AppDelegate.swift */; };
		869765032D54AF4E0088981E /* Main.storyboard in Resources */ = {isa = PBXBuildFile; fileRef = 869765012D54AF4E0088981E /* Main.storyboard */; };
		8697650B2D54AF4E0088981E /* uBlock Origin development build Extension.appex in Embed App Extensions */ = {isa = PBXBuildFile; fileRef = 8697650A2D54AF4E0088981E /* uBlock Origin development build Extension.appex */; settings = {ATTRIBUTES = (RemoveHeadersOnCopy, ); }; };
		869765152D54AF4E0088981E /* uBlock Origin development build Extension.appex in Embed App Extensions */ = {isa = PBXBuildFile; fileRef = 869765142D54AF4E0088981E /* uBlock Origin development build Extension.appex */; settings = {ATTRIBUTES = (RemoveHeadersOnCopy, ); }; };
		8697651B2D54AF4E0088981E /* Main.html in Resources */ = {isa = PBXBuildFile; fileRef = 869764DE2D54AF490088981E /* Main.html */; };
		8697651C2D54AF4E0088981E /* Main.html in Resources */ = {isa = PBXBuildFile; fileRef = 869764DE2D54AF490088981E /* Main.html */; };
		8697651D2D54AF4E0088981E /* Icon.png in Resources */ = {isa = PBXBuildFile; fileRef = 869764E02D54AF490088981E /* Icon.png */; };
		8697651E2D54AF4E0088981E /* Icon.png in Resources */ = {isa = PBXBuildFile; fileRef = 869764E02D54AF490088981E /* Icon.png */; };
		8697651F2D54AF4E0088981E /* Style.css in Resources */ = {isa = PBXBuildFile; fileRef = 869764E12D54AF490088981E /* Style.css */; };
		869765202D54AF4E0088981E /* Style.css in Resources */ = {isa = PBXBuildFile; fileRef = 869764E12D54AF490088981E /* Style.css */; };
		869765212D54AF4E0088981E /* Script.js in Resources */ = {isa = PBXBuildFile; fileRef = 869764E22D54AF490088981E /* Script.js */; };
		869765222D54AF4E0088981E /* Script.js in Resources */ = {isa = PBXBuildFile; fileRef = 869764E22D54AF490088981E /* Script.js */; };
		869765232D54AF4E0088981E /* ViewController.swift in Sources */ = {isa = PBXBuildFile; fileRef = 869764E32D54AF490088981E /* ViewController.swift */; };
		869765242D54AF4E0088981E /* ViewController.swift in Sources */ = {isa = PBXBuildFile; fileRef = 869764E32D54AF490088981E /* ViewController.swift */; };
		869765252D54AF4E0088981E /* Assets.xcassets in Resources */ = {isa = PBXBuildFile; fileRef = 869764E42D54AF4E0088981E /* Assets.xcassets */; };
		869765262D54AF4E0088981E /* Assets.xcassets in Resources */ = {isa = PBXBuildFile; fileRef = 869764E42D54AF4E0088981E /* Assets.xcassets */; };
		869765272D54AF4E0088981E /* SafariWebExtensionHandler.swift in Sources */ = {isa = PBXBuildFile; fileRef = 869764E62D54AF4E0088981E /* SafariWebExtensionHandler.swift */; };
		869765282D54AF4E0088981E /* SafariWebExtensionHandler.swift in Sources */ = {isa = PBXBuildFile; fileRef = 869764E62D54AF4E0088981E /* SafariWebExtensionHandler.swift */; };
/* End PBXBuildFile section */

/* Begin PBXContainerItemProxy section */
		8697650C2D54AF4E0088981E /* PBXContainerItemProxy */ = {
			isa = PBXContainerItemProxy;
			containerPortal = 869764D82D54AF470088981E /* Project object */;
			proxyType = 1;
			remoteGlobalIDString = 869765092D54AF4E0088981E;
			remoteInfo = "uBlock Origin development build Extension (iOS)";
		};
		869765162D54AF4E0088981E /* PBXContainerItemProxy */ = {
			isa = PBXContainerItemProxy;
			containerPortal = 869764D82D54AF470088981E /* Project object */;
			proxyType = 1;
			remoteGlobalIDString = 869765132D54AF4E0088981E;
			remoteInfo = "uBlock Origin development build Extension (macOS)";
		};
/* End PBXContainerItemProxy section */

/* Begin PBXCopyFilesBuildPhase section */
		8697652E2D54AF4E0088981E /* Embed App Extensions */ = {
			isa = PBXCopyFilesBuildPhase;
			buildActionMask = 2147483647;
			dstPath = "";
			dstSubfolderSpec = 13;
			files = (
				8697650B2D54AF4E0088981E /* uBlock Origin development build Extension.appex in Embed App Extensions */,
			);
			name = "Embed App Extensions";
			runOnlyForDeploymentPostprocessing = 0;
		};
		869765352D54AF4E0088981E /* Embed App Extensions */ = {
			isa = PBXCopyFilesBuildPhase;
			buildActionMask = 2147483647;
			dstPath = "";
			dstSubfolderSpec = 13;
			files = (
				869765152D54AF4E0088981E /* uBlock Origin development build Extension.appex in Embed App Extensions */,
			);
			name = "Embed App Extensions";
			runOnlyForDeploymentPostprocessing = 0;
		};
/* End PBXCopyFilesBuildPhase section */

/* Begin PBXFileReference section */
		869764DF2D54AF490088981E /* Base */ = {isa = PBXFileReference; lastKnownFileType = text.html; name = Base; path = ../Base.lproj/Main.html; sourceTree = "<group>"; };
		869764E02D54AF490088981E /* Icon.png */ = {isa = PBXFileReference; lastKnownFileType = image.png; path = Icon.png; sourceTree = "<group>"; };
		869764E12D54AF490088981E /* Style.css */ = {isa = PBXFileReference; lastKnownFileType = text.css; path = Style.css; sourceTree = "<group>"; };
		869764E22D54AF490088981E /* Script.js */ = {isa = PBXFileReference; lastKnownFileType = sourcecode.javascript; path = Script.js; sourceTree = "<group>"; };
		869764E32D54AF490088981E /* ViewController.swift */ = {isa = PBXFileReference; lastKnownFileType = sourcecode.swift; path = ViewController.swift; sourceTree = "<group>"; };
		869764E42D54AF4E0088981E /* Assets.xcassets */ = {isa = PBXFileReference; lastKnownFileType = folder.assetcatalog; path = Assets.xcassets; sourceTree = "<group>"; };
		869764E62D54AF4E0088981E /* SafariWebExtensionHandler.swift */ = {isa = PBXFileReference; lastKnownFileType = sourcecode.swift; path = SafariWebExtensionHandler.swift; sourceTree = "<group>"; };
		869764EB2D54AF4E0088981E /* uBlock Origin development build.app */ = {isa = PBXFileReference; explicitFileType = wrapper.application; includeInIndex = 0; path = "uBlock Origin development build.app"; sourceTree = BUILT_PRODUCTS_DIR; };
		869764EE2D54AF4E0088981E /* AppDelegate.swift */ = {isa = PBXFileReference; lastKnownFileType = sourcecode.swift; path = AppDelegate.swift; sourceTree = "<group>"; };
		869764F02D54AF4E0088981E /* SceneDelegate.swift */ = {isa = PBXFileReference; lastKnownFileType = sourcecode.swift; path = SceneDelegate.swift; sourceTree = "<group>"; };
		869764F32D54AF4E0088981E /* Base */ = {isa = PBXFileReference; lastKnownFileType = file.storyboard; name = Base; path = Base.lproj/LaunchScreen.storyboard; sourceTree = "<group>"; };
		869764F62D54AF4E0088981E /* Base */ = {isa = PBXFileReference; lastKnownFileType = file.storyboard; name = Base; path = Base.lproj/Main.storyboard; sourceTree = "<group>"; };
		869764F82D54AF4E0088981E /* Info.plist */ = {isa = PBXFileReference; lastKnownFileType = text.plist.xml; path = Info.plist; sourceTree = "<group>"; };
		869764FD2D54AF4E0088981E /* uBlock Origin development build.app */ = {isa = PBXFileReference; explicitFileType = wrapper.application; includeInIndex = 0; path = "uBlock Origin development build.app"; sourceTree = BUILT_PRODUCTS_DIR; };
		869764FF2D54AF4E0088981E /* AppDelegate.swift */ = {isa = PBXFileReference; lastKnownFileType = sourcecode.swift; path = AppDelegate.swift; sourceTree = "<group>"; };
		869765022D54AF4E0088981E /* Base */ = {isa = PBXFileReference; lastKnownFileType = file.storyboard; name = Base; path = Base.lproj/Main.storyboard; sourceTree = "<group>"; };
		869765042D54AF4E0088981E /* Info.plist */ = {isa = PBXFileReference; lastKnownFileType = text.plist.xml; path = Info.plist; sourceTree = "<group>"; };
		869765052D54AF4E0088981E /* uBlock Origin development build.entitlements */ = {isa = PBXFileReference; lastKnownFileType = text.plist.entitlements; path = "uBlock Origin development build.entitlements"; sourceTree = "<group>"; };
		8697650A2D54AF4E0088981E /* uBlock Origin development build Extension.appex */ = {isa = PBXFileReference; explicitFileType = "wrapper.app-extension"; includeInIndex = 0; path = "uBlock Origin development build Extension.appex"; sourceTree = BUILT_PRODUCTS_DIR; };
		8697650F2D54AF4E0088981E /* Info.plist */ = {isa = PBXFileReference; lastKnownFileType = text.plist.xml; path = Info.plist; sourceTree = "<group>"; };
		869765142D54AF4E0088981E /* uBlock Origin development build Extension.appex */ = {isa = PBXFileReference; explicitFileType = "wrapper.app-extension"; includeInIndex = 0; path = "uBlock Origin development build Extension.appex"; sourceTree = BUILT_PRODUCTS_DIR; };
		869765192D54AF4E0088981E /* Info.plist */ = {isa = PBXFileReference; lastKnownFileType = text.plist.xml; path = Info.plist; sourceTree = "<group>"; };
		8697651A2D54AF4E0088981E /* uBlock Origin development build.entitlements */ = {isa = PBXFileReference; lastKnownFileType = text.plist.entitlements; path = "uBlock Origin development build.entitlements"; sourceTree = "<group>"; };
/* End PBXFileReference section */

/* Begin PBXFrameworksBuildPhase section */
		869764E82D54AF4E0088981E /* Frameworks */ = {
			isa = PBXFrameworksBuildPhase;
			buildActionMask = 2147483647;
			files = (
			);
			runOnlyForDeploymentPostprocessing = 0;
		};
		869764FA2D54AF4E0088981E /* Frameworks */ = {
			isa = PBXFrameworksBuildPhase;
			buildActionMask = 2147483647;
			files = (
			);
			runOnlyForDeploymentPostprocessing = 0;
		};
		869765072D54AF4E0088981E /* Frameworks */ = {
			isa = PBXFrameworksBuildPhase;
			buildActionMask = 2147483647;
			files = (
			);
			runOnlyForDeploymentPostprocessing = 0;
		};
		869765112D54AF4E0088981E /* Frameworks */ = {
			isa = PBXFrameworksBuildPhase;
			buildActionMask = 2147483647;
			files = (
			);
			runOnlyForDeploymentPostprocessing = 0;
		};
/* End PBXFrameworksBuildPhase section */

/* Begin PBXGroup section */
		869764D72D54AF470088981E = {
			isa = PBXGroup;
			children = (
				869764DC2D54AF480088981E /* Shared (App) */,
				869764E52D54AF4E0088981E /* Shared (Extension) */,
				869764ED2D54AF4E0088981E /* iOS (App) */,
				869764FE2D54AF4E0088981E /* macOS (App) */,
				8697650E2D54AF4E0088981E /* iOS (Extension) */,
				869765182D54AF4E0088981E /* macOS (Extension) */,
				869764EC2D54AF4E0088981E /* Products */,
			);
			sourceTree = "<group>";
		};
		869764DC2D54AF480088981E /* Shared (App) */ = {
			isa = PBXGroup;
			children = (
				869764E32D54AF490088981E /* ViewController.swift */,
				869764E42D54AF4E0088981E /* Assets.xcassets */,
				869764DD2D54AF490088981E /* Resources */,
			);
			path = "Shared (App)";
			sourceTree = "<group>";
		};
		869764DD2D54AF490088981E /* Resources */ = {
			isa = PBXGroup;
			children = (
				869764DE2D54AF490088981E /* Main.html */,
				869764E02D54AF490088981E /* Icon.png */,
				869764E12D54AF490088981E /* Style.css */,
				869764E22D54AF490088981E /* Script.js */,
			);
			path = Resources;
			sourceTree = "<group>";
		};
		869764E52D54AF4E0088981E /* Shared (Extension) */ = {
			isa = PBXGroup;
			children = (
				869765392D54AF500088981E /* Resources */,
				869764E62D54AF4E0088981E /* SafariWebExtensionHandler.swift */,
			);
			path = "Shared (Extension)";
			sourceTree = "<group>";
		};
		869764EC2D54AF4E0088981E /* Products */ = {
			isa = PBXGroup;
			children = (
				869764EB2D54AF4E0088981E /* uBlock Origin development build.app */,
				869764FD2D54AF4E0088981E /* uBlock Origin development build.app */,
				8697650A2D54AF4E0088981E /* uBlock Origin development build Extension.appex */,
				869765142D54AF4E0088981E /* uBlock Origin development build Extension.appex */,
			);
			name = Products;
			sourceTree = "<group>";
		};
		869764ED2D54AF4E0088981E /* iOS (App) */ = {
			isa = PBXGroup;
			children = (
				869764EE2D54AF4E0088981E /* AppDelegate.swift */,
				869764F02D54AF4E0088981E /* SceneDelegate.swift */,
				869764F22D54AF4E0088981E /* LaunchScreen.storyboard */,
				869764F52D54AF4E0088981E /* Main.storyboard */,
				869764F82D54AF4E0088981E /* Info.plist */,
			);
			path = "iOS (App)";
			sourceTree = "<group>";
		};
		869764FE2D54AF4E0088981E /* macOS (App) */ = {
			isa = PBXGroup;
			children = (
				869764FF2D54AF4E0088981E /* AppDelegate.swift */,
				869765012D54AF4E0088981E /* Main.storyboard */,
				869765042D54AF4E0088981E /* Info.plist */,
				869765052D54AF4E0088981E /* uBlock Origin development build.entitlements */,
			);
			path = "macOS (App)";
			sourceTree = "<group>";
		};
		8697650E2D54AF4E0088981E /* iOS (Extension) */ = {
			isa = PBXGroup;
			children = (
				8697650F2D54AF4E0088981E /* Info.plist */,
			);
			path = "iOS (Extension)";
			sourceTree = "<group>";
		};
		869765182D54AF4E0088981E /* macOS (Extension) */ = {
			isa = PBXGroup;
			children = (
				869765192D54AF4E0088981E /* Info.plist */,
				8697651A2D54AF4E0088981E /* uBlock Origin development build.entitlements */,
			);
			path = "macOS (Extension)";
			sourceTree = "<group>";
		};
		869765392D54AF500088981E /* Resources */ = {
			isa = PBXGroup;
			children = (
			);
			name = Resources;
			path = "Shared (Extension)";
			sourceTree = SOURCE_ROOT;
		};
/* End PBXGroup section */

/* Begin PBXNativeTarget section */
		869764EA2D54AF4E0088981E /* uBlock Origin development build (iOS) */ = {
			isa = PBXNativeTarget;
			buildConfigurationList = 8697652F2D54AF4E0088981E /* Build configuration list for PBXNativeTarget "uBlock Origin development build (iOS)" */;
			buildPhases = (
				869764E72D54AF4E0088981E /* Sources */,
				869764E82D54AF4E0088981E /* Frameworks */,
				869764E92D54AF4E0088981E /* Resources */,
				8697652E2D54AF4E0088981E /* Embed App Extensions */,
			);
			buildRules = (
			);
			dependencies = (
				8697650D2D54AF4E0088981E /* PBXTargetDependency */,
			);
			name = "uBlock Origin development build (iOS)";
			productName = "uBlock Origin development build (iOS)";
			productReference = 869764EB2D54AF4E0088981E /* uBlock Origin development build.app */;
			productType = "com.apple.product-type.application";
		};
		869764FC2D54AF4E0088981E /* uBlock Origin development build (macOS) */ = {
			isa = PBXNativeTarget;
			buildConfigurationList = 869765362D54AF4E0088981E /* Build configuration list for PBXNativeTarget "uBlock Origin development build (macOS)" */;
			buildPhases = (
				869764F92D54AF4E0088981E /* Sources */,
				869764FA2D54AF4E0088981E /* Frameworks */,
				869764FB2D54AF4E0088981E /* Resources */,
				869765352D54AF4E0088981E /* Embed App Extensions */,
			);
			buildRules = (
			);
			dependencies = (
				869765172D54AF4E0088981E /* PBXTargetDependency */,
			);
			name = "uBlock Origin development build (macOS)";
			productName = "uBlock Origin development build (macOS)";
			productReference = 869764FD2D54AF4E0088981E /* uBlock Origin development build.app */;
			productType = "com.apple.product-type.application";
		};
		869765092D54AF4E0088981E /* uBlock Origin development build Extension (iOS) */ = {
			isa = PBXNativeTarget;
			buildConfigurationList = 8697652B2D54AF4E0088981E /* Build configuration list for PBXNativeTarget "uBlock Origin development build Extension (iOS)" */;
			buildPhases = (
				869765062D54AF4E0088981E /* Sources */,
				869765072D54AF4E0088981E /* Frameworks */,
				869765082D54AF4E0088981E /* Resources */,
			);
			buildRules = (
			);
			dependencies = (
			);
			name = "uBlock Origin development build Extension (iOS)";
			productName = "uBlock Origin development build Extension (iOS)";
			productReference = 8697650A2D54AF4E0088981E /* uBlock Origin development build Extension.appex */;
			productType = "com.apple.product-type.app-extension";
		};
		869765132D54AF4E0088981E /* uBlock Origin development build Extension (macOS) */ = {
			isa = PBXNativeTarget;
			buildConfigurationList = 869765322D54AF4E0088981E /* Build configuration list for PBXNativeTarget "uBlock Origin development build Extension (macOS)" */;
			buildPhases = (
				869765102D54AF4E0088981E /* Sources */,
				869765112D54AF4E0088981E /* Frameworks */,
				869765122D54AF4E0088981E /* Resources */,
			);
			buildRules = (
			);
			dependencies = (
			);
			name = "uBlock Origin development build Extension (macOS)";
			productName = "uBlock Origin development build Extension (macOS)";
			productReference = 869765142D54AF4E0088981E /* uBlock Origin development build Extension.appex */;
			productType = "com.apple.product-type.app-extension";
		};
/* End PBXNativeTarget section */

/* Begin PBXProject section */
		869764D82D54AF470088981E /* Project object */ = {
			isa = PBXProject;
			attributes = {
				BuildIndependentTargetsInParallel = 1;
				LastSwiftUpdateCheck = 1320;
				LastUpgradeCheck = 1320;
				TargetAttributes = {
					869764EA2D54AF4E0088981E = {
						CreatedOnToolsVersion = 13.2.1;
					};
					869764FC2D54AF4E0088981E = {
						CreatedOnToolsVersion = 13.2.1;
					};
					869765092D54AF4E0088981E = {
						CreatedOnToolsVersion = 13.2.1;
					};
					869765132D54AF4E0088981E = {
						CreatedOnToolsVersion = 13.2.1;
					};
				};
			};
			buildConfigurationList = 869764DB2D54AF470088981E /* Build configuration list for PBXProject "uBlock Origin development build" */;
			compatibilityVersion = "Xcode 13.0";
			developmentRegion = en;
			hasScannedForEncodings = 0;
			knownRegions = (
				en,
				Base,
			);
			mainGroup = 869764D72D54AF470088981E;
			productRefGroup = 869764EC2D54AF4E0088981E /* Products */;
			projectDirPath = "";
			projectRoot = "";
			targets = (
				869764EA2D54AF4E0088981E /* uBlock Origin development build (iOS) */,
				869764FC2D54AF4E0088981E /* uBlock Origin development build (macOS) */,
				869765092D54AF4E0088981E /* uBlock Origin development build Extension (iOS) */,
				869765132D54AF4E0088981E /* uBlock Origin development build Extension (macOS) */,
			);
		};
/* End PBXProject section */

/* Begin PBXResourcesBuildPhase section */
		869764E92D54AF4E0088981E /* Resources */ = {
			isa = PBXResourcesBuildPhase;
			buildActionMask = 2147483647;
			files = (
				8697651D2D54AF4E0088981E /* Icon.png in Resources */,
				869764F42D54AF4E0088981E /* LaunchScreen.storyboard in Resources */,
				8697651B2D54AF4E0088981E /* Main.html in Resources */,
				869765212D54AF4E0088981E /* Script.js in Resources */,
				869765252D54AF4E0088981E /* Assets.xcassets in Resources */,
				869764F72D54AF4E0088981E /* Main.storyboard in Resources */,
				8697651F2D54AF4E0088981E /* Style.css in Resources */,
			);
			runOnlyForDeploymentPostprocessing = 0;
		};
		869764FB2D54AF4E0088981E /* Resources */ = {
			isa = PBXResourcesBuildPhase;
			buildActionMask = 2147483647;
			files = (
				8697651E2D54AF4E0088981E /* Icon.png in Resources */,
				869765202D54AF4E0088981E /* Style.css in Resources */,
				869765032D54AF4E0088981E /* Main.storyboard in Resources */,
				869765222D54AF4E0088981E /* Script.js in Resources */,
				869765262D54AF4E0088981E /* Assets.xcassets in Resources */,
				8697651C2D54AF4E0088981E /* Main.html in Resources */,
			);
			runOnlyForDeploymentPostprocessing = 0;
		};
		869765082D54AF4E0088981E /* Resources */ = {
			isa = PBXResourcesBuildPhase;
			buildActionMask = 2147483647;
			files = (
			);
			runOnlyForDeploymentPostprocessing = 0;
		};
		869765122D54AF4E0088981E /* Resources */ = {
			isa = PBXResourcesBuildPhase;
			buildActionMask = 2147483647;
			files = (
			);
			runOnlyForDeploymentPostprocessing = 0;
		};
/* End PBXResourcesBuildPhase section */

/* Begin PBXSourcesBuildPhase section */
		869764E72D54AF4E0088981E /* Sources */ = {
			isa = PBXSourcesBuildPhase;
			buildActionMask = 2147483647;
			files = (
				869765232D54AF4E0088981E /* ViewController.swift in Sources */,
				869764EF2D54AF4E0088981E /* AppDelegate.swift in Sources */,
				869764F12D54AF4E0088981E /* SceneDelegate.swift in Sources */,
			);
			runOnlyForDeploymentPostprocessing = 0;
		};
		869764F92D54AF4E0088981E /* Sources */ = {
			isa = PBXSourcesBuildPhase;
			buildActionMask = 2147483647;
			files = (
				869765242D54AF4E0088981E /* ViewController.swift in Sources */,
				869765002D54AF4E0088981E /* AppDelegate.swift in Sources */,
			);
			runOnlyForDeploymentPostprocessing = 0;
		};
		869765062D54AF4E0088981E /* Sources */ = {
			isa = PBXSourcesBuildPhase;
			buildActionMask = 2147483647;
			files = (
				869765272D54AF4E0088981E /* SafariWebExtensionHandler.swift in Sources */,
			);
			runOnlyForDeploymentPostprocessing = 0;
		};
		869765102D54AF4E0088981E /* Sources */ = {
			isa = PBXSourcesBuildPhase;
			buildActionMask = 2147483647;
			files = (
				869765282D54AF4E0088981E /* SafariWebExtensionHandler.swift in Sources */,
			);
			runOnlyForDeploymentPostprocessing = 0;
		};
/* End PBXSourcesBuildPhase section */

/* Begin PBXTargetDependency section */
		8697650D2D54AF4E0088981E /* PBXTargetDependency */ = {
			isa = PBXTargetDependency;
			target = 869765092D54AF4E0088981E /* uBlock Origin development build Extension (iOS) */;
			targetProxy = 8697650C2D54AF4E0088981E /* PBXContainerItemProxy */;
		};
		869765172D54AF4E0088981E /* PBXTargetDependency */ = {
			isa = PBXTargetDependency;
			target = 869765132D54AF4E0088981E /* uBlock Origin development build Extension (macOS) */;
			targetProxy = 869765162D54AF4E0088981E /* PBXContainerItemProxy */;
		};
/* End PBXTargetDependency section */

/* Begin PBXVariantGroup section */
		869764DE2D54AF490088981E /* Main.html */ = {
			isa = PBXVariantGroup;
			children = (
				869764DF2D54AF490088981E /* Base */,
			);
			name = Main.html;
			sourceTree = "<group>";
		};
		869764F22D54AF4E0088981E /* LaunchScreen.storyboard */ = {
			isa = PBXVariantGroup;
			children = (
				869764F32D54AF4E0088981E /* Base */,
			);
			name = LaunchScreen.storyboard;
			sourceTree = "<group>";
		};
		869764F52D54AF4E0088981E /* Main.storyboard */ = {
			isa = PBXVariantGroup;
			children = (
				869764F62D54AF4E0088981E /* Base */,
			);
			name = Main.storyboard;
			sourceTree = "<group>";
		};
		869765012D54AF4E0088981E /* Main.storyboard */ = {
			isa = PBXVariantGroup;
			children = (
				869765022D54AF4E0088981E /* Base */,
			);
			name = Main.storyboard;
			sourceTree = "<group>";
		};
/* End PBXVariantGroup section */

/* Begin XCBuildConfiguration section */
		869765292D54AF4E0088981E /* Debug */ = {
			isa = XCBuildConfiguration;
			buildSettings = {
				ALWAYS_SEARCH_USER_PATHS = NO;
				CLANG_ANALYZER_NONNULL = YES;
				CLANG_ANALYZER_NUMBER_OBJECT_CONVERSION = YES_AGGRESSIVE;
				CLANG_CXX_LANGUAGE_STANDARD = "gnu++17";
				CLANG_CXX_LIBRARY = "libc++";
				CLANG_ENABLE_MODULES = YES;
				CLANG_ENABLE_OBJC_ARC = YES;
				CLANG_ENABLE_OBJC_WEAK = YES;
				CLANG_WARN_BLOCK_CAPTURE_AUTORELEASING = YES;
				CLANG_WARN_BOOL_CONVERSION = YES;
				CLANG_WARN_COMMA = YES;
				CLANG_WARN_CONSTANT_CONVERSION = YES;
				CLANG_WARN_DEPRECATED_OBJC_IMPLEMENTATIONS = YES;
				CLANG_WARN_DIRECT_OBJC_ISA_USAGE = YES_ERROR;
				CLANG_WARN_DOCUMENTATION_COMMENTS = YES;
				CLANG_WARN_EMPTY_BODY = YES;
				CLANG_WARN_ENUM_CONVERSION = YES;
				CLANG_WARN_INFINITE_RECURSION = YES;
				CLANG_WARN_INT_CONVERSION = YES;
				CLANG_WARN_NON_LITERAL_NULL_CONVERSION = YES;
				CLANG_WARN_OBJC_IMPLICIT_RETAIN_SELF = YES;
				CLANG_WARN_OBJC_LITERAL_CONVERSION = YES;
				CLANG_WARN_OBJC_ROOT_CLASS = YES_ERROR;
				CLANG_WARN_QUOTED_INCLUDE_IN_FRAMEWORK_HEADER = YES;
				CLANG_WARN_RANGE_LOOP_ANALYSIS = YES;
				CLANG_WARN_STRICT_PROTOTYPES = YES;
				CLANG_WARN_SUSPICIOUS_MOVE = YES;
				CLANG_WARN_UNGUARDED_AVAILABILITY = YES_AGGRESSIVE;
				CLANG_WARN_UNREACHABLE_CODE = YES;
				CLANG_WARN__DUPLICATE_METHOD_MATCH = YES;
				COPY_PHASE_STRIP = NO;
				DEBUG_INFORMATION_FORMAT = dwarf;
				ENABLE_STRICT_OBJC_MSGSEND = YES;
				ENABLE_TESTABILITY = YES;
				GCC_C_LANGUAGE_STANDARD = gnu11;
				GCC_DYNAMIC_NO_PIC = NO;
				GCC_NO_COMMON_BLOCKS = YES;
				GCC_OPTIMIZATION_LEVEL = 0;
				GCC_PREPROCESSOR_DEFINITIONS = (
					"DEBUG=1",
					"$(inherited)",
				);
				GCC_WARN_64_TO_32_BIT_CONVERSION = YES;
				GCC_WARN_ABOUT_RETURN_TYPE = YES_ERROR;
				GCC_WARN_UNDECLARED_SELECTOR = YES;
				GCC_WARN_UNINITIALIZED_AUTOS = YES_AGGRESSIVE;
				GCC_WARN_UNUSED_FUNCTION = YES;
				GCC_WARN_UNUSED_VARIABLE = YES;
				MTL_ENABLE_DEBUG_INFO = INCLUDE_SOURCE;
				MTL_FAST_MATH = YES;
				ONLY_ACTIVE_ARCH = YES;
				SWIFT_ACTIVE_COMPILATION_CONDITIONS = DEBUG;
				SWIFT_OPTIMIZATION_LEVEL = "-Onone";
			};
			name = Debug;
		};
		8697652A2D54AF4E0088981E /* Release */ = {
			isa = XCBuildConfiguration;
			buildSettings = {
				ALWAYS_SEARCH_USER_PATHS = NO;
				CLANG_ANALYZER_NONNULL = YES;
				CLANG_ANALYZER_NUMBER_OBJECT_CONVERSION = YES_AGGRESSIVE;
				CLANG_CXX_LANGUAGE_STANDARD = "gnu++17";
				CLANG_CXX_LIBRARY = "libc++";
				CLANG_ENABLE_MODULES = YES;
				CLANG_ENABLE_OBJC_ARC = YES;
				CLANG_ENABLE_OBJC_WEAK = YES;
				CLANG_WARN_BLOCK_CAPTURE_AUTORELEASING = YES;
				CLANG_WARN_BOOL_CONVERSION = YES;
				CLANG_WARN_COMMA = YES;
				CLANG_WARN_CONSTANT_CONVERSION = YES;
				CLANG_WARN_DEPRECATED_OBJC_IMPLEMENTATIONS = YES;
				CLANG_WARN_DIRECT_OBJC_ISA_USAGE = YES_ERROR;
				CLANG_WARN_DOCUMENTATION_COMMENTS = YES;
				CLANG_WARN_EMPTY_BODY = YES;
				CLANG_WARN_ENUM_CONVERSION = YES;
				CLANG_WARN_INFINITE_RECURSION = YES;
				CLANG_WARN_INT_CONVERSION = YES;
				CLANG_WARN_NON_LITERAL_NULL_CONVERSION = YES;
				CLANG_WARN_OBJC_IMPLICIT_RETAIN_SELF = YES;
				CLANG_WARN_OBJC_LITERAL_CONVERSION = YES;
				CLANG_WARN_OBJC_ROOT_CLASS = YES_ERROR;
				CLANG_WARN_QUOTED_INCLUDE_IN_FRAMEWORK_HEADER = YES;
				CLANG_WARN_RANGE_LOOP_ANALYSIS = YES;
				CLANG_WARN_STRICT_PROTOTYPES = YES;
				CLANG_WARN_SUSPICIOUS_MOVE = YES;
				CLANG_WARN_UNGUARDED_AVAILABILITY = YES_AGGRESSIVE;
				CLANG_WARN_UNREACHABLE_CODE = YES;
				CLANG_WARN__DUPLICATE_METHOD_MATCH = YES;
				COPY_PHASE_STRIP = NO;
				DEBUG_INFORMATION_FORMAT = "dwarf-with-dsym";
				ENABLE_NS_ASSERTIONS = NO;
				ENABLE_STRICT_OBJC_MSGSEND = YES;
				GCC_C_LANGUAGE_STANDARD = gnu11;
				GCC_NO_COMMON_BLOCKS = YES;
				GCC_WARN_64_TO_32_BIT_CONVERSION = YES;
				GCC_WARN_ABOUT_RETURN_TYPE = YES_ERROR;
				GCC_WARN_UNDECLARED_SELECTOR = YES;
				GCC_WARN_UNINITIALIZED_AUTOS = YES_AGGRESSIVE;
				GCC_WARN_UNUSED_FUNCTION = YES;
				GCC_WARN_UNUSED_VARIABLE = YES;
				MTL_ENABLE_DEBUG_INFO = NO;
				MTL_FAST_MATH = YES;
				SWIFT_COMPILATION_MODE = wholemodule;
				SWIFT_OPTIMIZATION_LEVEL = "-O";
			};
			name = Release;
		};
		8697652C2D54AF4E0088981E /* Debug */ = {
			isa = XCBuildConfiguration;
			buildSettings = {
				CODE_SIGN_STYLE = Automatic;
				CURRENT_PROJECT_VERSION = 1;
				GENERATE_INFOPLIST_FILE = YES;
				INFOPLIST_FILE = "iOS (Extension)/Info.plist";
				INFOPLIST_KEY_CFBundleDisplayName = "uBlock Origin development build Extension";
				INFOPLIST_KEY_NSHumanReadableCopyright = "";
				IPHONEOS_DEPLOYMENT_TARGET = 15.0;
				LD_RUNPATH_SEARCH_PATHS = (
					"$(inherited)",
					"@executable_path/Frameworks",
					"@executable_path/../../Frameworks",
				);
				MARKETING_VERSION = 1.0;
				OTHER_LDFLAGS = (
					"-framework",
					SafariServices,
				);
				PRODUCT_BUNDLE_IDENTIFIER = "com.yourCompany.uBlock-Origin-development-build.Extension";
				PRODUCT_NAME = "uBlock Origin development build Extension";
				SDKROOT = iphoneos;
				SKIP_INSTALL = YES;
				SWIFT_EMIT_LOC_STRINGS = YES;
				SWIFT_VERSION = 5.0;
				TARGETED_DEVICE_FAMILY = "1,2";
			};
			name = Debug;
		};
		8697652D2D54AF4E0088981E /* Release */ = {
			isa = XCBuildConfiguration;
			buildSettings = {
				CODE_SIGN_STYLE = Automatic;
				CURRENT_PROJECT_VERSION = 1;
				GENERATE_INFOPLIST_FILE = YES;
				INFOPLIST_FILE = "iOS (Extension)/Info.plist";
				INFOPLIST_KEY_CFBundleDisplayName = "uBlock Origin development build Extension";
				INFOPLIST_KEY_NSHumanReadableCopyright = "";
				IPHONEOS_DEPLOYMENT_TARGET = 15.0;
				LD_RUNPATH_SEARCH_PATHS = (
					"$(inherited)",
					"@executable_path/Frameworks",
					"@executable_path/../../Frameworks",
				);
				MARKETING_VERSION = 1.0;
				OTHER_LDFLAGS = (
					"-framework",
					SafariServices,
				);
				PRODUCT_BUNDLE_IDENTIFIER = "com.yourCompany.uBlock-Origin-development-build.Extension";
				PRODUCT_NAME = "uBlock Origin development build Extension";
				SDKROOT = iphoneos;
				SKIP_INSTALL = YES;
				SWIFT_EMIT_LOC_STRINGS = YES;
				SWIFT_VERSION = 5.0;
				TARGETED_DEVICE_FAMILY = "1,2";
				VALIDATE_PRODUCT = YES;
			};
			name = Release;
		};
		869765302D54AF4E0088981E /* Debug */ = {
			isa = XCBuildConfiguration;
			buildSettings = {
				ALWAYS_EMBED_SWIFT_STANDARD_LIBRARIES = YES;
				ASSETCATALOG_COMPILER_APPICON_NAME = AppIcon;
				ASSETCATALOG_COMPILER_GLOBAL_ACCENT_COLOR_NAME = AccentColor;
				CODE_SIGN_STYLE = Automatic;
				CURRENT_PROJECT_VERSION = 1;
				GENERATE_INFOPLIST_FILE = YES;
				INFOPLIST_FILE = "iOS (App)/Info.plist";
				INFOPLIST_KEY_CFBundleDisplayName = "uBlock Origin development build";
				INFOPLIST_KEY_UIApplicationSupportsIndirectInputEvents = YES;
				INFOPLIST_KEY_UILaunchStoryboardName = LaunchScreen;
				INFOPLIST_KEY_UIMainStoryboardFile = Main;
				INFOPLIST_KEY_UISupportedInterfaceOrientations = "UIInterfaceOrientationPortrait UIInterfaceOrientationLandscapeLeft UIInterfaceOrientationLandscapeRight";
				INFOPLIST_KEY_UISupportedInterfaceOrientations_iPad = "UIInterfaceOrientationPortrait UIInterfaceOrientationPortraitUpsideDown UIInterfaceOrientationLandscapeLeft UIInterfaceOrientationLandscapeRight";
				IPHONEOS_DEPLOYMENT_TARGET = 15.0;
				LD_RUNPATH_SEARCH_PATHS = (
					"$(inherited)",
					"@executable_path/Frameworks",
				);
				MARKETING_VERSION = 1.0;
				OTHER_LDFLAGS = (
					"-framework",
					SafariServices,
					"-framework",
					WebKit,
				);
				PRODUCT_BUNDLE_IDENTIFIER = "com.yourCompany.uBlock-Origin-development-build";
				PRODUCT_NAME = "uBlock Origin development build";
				SDKROOT = iphoneos;
				SWIFT_EMIT_LOC_STRINGS = YES;
				SWIFT_VERSION = 5.0;
				TARGETED_DEVICE_FAMILY = "1,2";
			};
			name = Debug;
		};
		869765312D54AF4E0088981E /* Release */ = {
			isa = XCBuildConfiguration;
			buildSettings = {
				ALWAYS_EMBED_SWIFT_STANDARD_LIBRARIES = YES;
				ASSETCATALOG_COMPILER_APPICON_NAME = AppIcon;
				ASSETCATALOG_COMPILER_GLOBAL_ACCENT_COLOR_NAME = AccentColor;
				CODE_SIGN_STYLE = Automatic;
				CURRENT_PROJECT_VERSION = 1;
				GENERATE_INFOPLIST_FILE = YES;
				INFOPLIST_FILE = "iOS (App)/Info.plist";
				INFOPLIST_KEY_CFBundleDisplayName = "uBlock Origin development build";
				INFOPLIST_KEY_UIApplicationSupportsIndirectInputEvents = YES;
				INFOPLIST_KEY_UILaunchStoryboardName = LaunchScreen;
				INFOPLIST_KEY_UIMainStoryboardFile = Main;
				INFOPLIST_KEY_UISupportedInterfaceOrientations = "UIInterfaceOrientationPortrait UIInterfaceOrientationLandscapeLeft UIInterfaceOrientationLandscapeRight";
				INFOPLIST_KEY_UISupportedInterfaceOrientations_iPad = "UIInterfaceOrientationPortrait UIInterfaceOrientationPortraitUpsideDown UIInterfaceOrientationLandscapeLeft UIInterfaceOrientationLandscapeRight";
				IPHONEOS_DEPLOYMENT_TARGET = 15.0;
				LD_RUNPATH_SEARCH_PATHS = (
					"$(inherited)",
					"@executable_path/Frameworks",
				);
				MARKETING_VERSION = 1.0;
				OTHER_LDFLAGS = (
					"-framework",
					SafariServices,
					"-framework",
					WebKit,
				);
				PRODUCT_BUNDLE_IDENTIFIER = "com.yourCompany.uBlock-Origin-development-build";
				PRODUCT_NAME = "uBlock Origin development build";
				SDKROOT = iphoneos;
				SWIFT_EMIT_LOC_STRINGS = YES;
				SWIFT_VERSION = 5.0;
				TARGETED_DEVICE_FAMILY = "1,2";
				VALIDATE_PRODUCT = YES;
			};
			name = Release;
		};
		869765332D54AF4E0088981E /* Debug */ = {
			isa = XCBuildConfiguration;
			buildSettings = {
				CODE_SIGN_ENTITLEMENTS = "macOS (Extension)/uBlock Origin development build.entitlements";
				CODE_SIGN_STYLE = Automatic;
				CURRENT_PROJECT_VERSION = 1;
				ENABLE_HARDENED_RUNTIME = YES;
				GENERATE_INFOPLIST_FILE = YES;
				INFOPLIST_FILE = "macOS (Extension)/Info.plist";
				INFOPLIST_KEY_CFBundleDisplayName = "uBlock Origin development build Extension";
				INFOPLIST_KEY_NSHumanReadableCopyright = "";
				LD_RUNPATH_SEARCH_PATHS = (
					"$(inherited)",
					"@executable_path/../Frameworks",
					"@executable_path/../../../../Frameworks",
				);
				MACOSX_DEPLOYMENT_TARGET = 10.14;
				MARKETING_VERSION = 1.0;
				OTHER_LDFLAGS = (
					"-framework",
					SafariServices,
				);
				PRODUCT_BUNDLE_IDENTIFIER = "com.yourCompany.uBlock-Origin-development-build.Extension";
				PRODUCT_NAME = "uBlock Origin development build Extension";
				SDKROOT = macosx;
				SKIP_INSTALL = YES;
				SWIFT_EMIT_LOC_STRINGS = YES;
				SWIFT_VERSION = 5.0;
			};
			name = Debug;
		};
		869765342D54AF4E0088981E /* Release */ = {
			isa = XCBuildConfiguration;
			buildSettings = {
				CODE_SIGN_ENTITLEMENTS = "macOS (Extension)/uBlock Origin development build.entitlements";
				CODE_SIGN_STYLE = Automatic;
				CURRENT_PROJECT_VERSION = 1;
				ENABLE_HARDENED_RUNTIME = YES;
				GENERATE_INFOPLIST_FILE = YES;
				INFOPLIST_FILE = "macOS (Extension)/Info.plist";
				INFOPLIST_KEY_CFBundleDisplayName = "uBlock Origin development build Extension";
				INFOPLIST_KEY_NSHumanReadableCopyright = "";
				LD_RUNPATH_SEARCH_PATHS = (
					"$(inherited)",
					"@executable_path/../Frameworks",
					"@executable_path/../../../../Frameworks",
				);
				MACOSX_DEPLOYMENT_TARGET = 10.14;
				MARKETING_VERSION = 1.0;
				OTHER_LDFLAGS = (
					"-framework",
					SafariServices,
				);
				PRODUCT_BUNDLE_IDENTIFIER = "com.yourCompany.uBlock-Origin-development-build.Extension";
				PRODUCT_NAME = "uBlock Origin development build Extension";
				SDKROOT = macosx;
				SKIP_INSTALL = YES;
				SWIFT_EMIT_LOC_STRINGS = YES;
				SWIFT_VERSION = 5.0;
			};
			name = Release;
		};
		869765372D54AF4E0088981E /* Debug */ = {
			isa = XCBuildConfiguration;
			buildSettings = {
				ALWAYS_EMBED_SWIFT_STANDARD_LIBRARIES = YES;
				ASSETCATALOG_COMPILER_APPICON_NAME = AppIcon;
				ASSETCATALOG_COMPILER_GLOBAL_ACCENT_COLOR_NAME = AccentColor;
				CODE_SIGN_ENTITLEMENTS = "macOS (App)/uBlock Origin development build.entitlements";
				CODE_SIGN_STYLE = Automatic;
				CURRENT_PROJECT_VERSION = 1;
				ENABLE_HARDENED_RUNTIME = YES;
				GENERATE_INFOPLIST_FILE = YES;
				INFOPLIST_FILE = "macOS (App)/Info.plist";
				INFOPLIST_KEY_CFBundleDisplayName = "uBlock Origin development build";
				INFOPLIST_KEY_NSMainStoryboardFile = Main;
				INFOPLIST_KEY_NSPrincipalClass = NSApplication;
				LD_RUNPATH_SEARCH_PATHS = (
					"$(inherited)",
					"@executable_path/../Frameworks",
				);
				MACOSX_DEPLOYMENT_TARGET = 10.14;
				MARKETING_VERSION = 1.0;
				OTHER_LDFLAGS = (
					"-framework",
					SafariServices,
					"-framework",
					WebKit,
				);
				PRODUCT_BUNDLE_IDENTIFIER = "com.yourCompany.uBlock-Origin-development-build";
				PRODUCT_NAME = "uBlock Origin development build";
				SDKROOT = macosx;
				SWIFT_EMIT_LOC_STRINGS = YES;
				SWIFT_VERSION = 5.0;
			};
			name = Debug;
		};
		869765382D54AF4E0088981E /* Release */ = {
			isa = XCBuildConfiguration;
			buildSettings = {
				ALWAYS_EMBED_SWIFT_STANDARD_LIBRARIES = YES;
				ASSETCATALOG_COMPILER_APPICON_NAME = AppIcon;
				ASSETCATALOG_COMPILER_GLOBAL_ACCENT_COLOR_NAME = AccentColor;
				CODE_SIGN_ENTITLEMENTS = "macOS (App)/uBlock Origin development build.entitlements";
				CODE_SIGN_STYLE = Automatic;
				CURRENT_PROJECT_VERSION = 1;
				ENABLE_HARDENED_RUNTIME = YES;
				GENERATE_INFOPLIST_FILE = YES;
				INFOPLIST_FILE = "macOS (App)/Info.plist";
				INFOPLIST_KEY_CFBundleDisplayName = "uBlock Origin development build";
				INFOPLIST_KEY_NSMainStoryboardFile = Main;
				INFOPLIST_KEY_NSPrincipalClass = NSApplication;
				LD_RUNPATH_SEARCH_PATHS = (
					"$(inherited)",
					"@executable_path/../Frameworks",
				);
				MACOSX_DEPLOYMENT_TARGET = 10.14;
				MARKETING_VERSION = 1.0;
				OTHER_LDFLAGS = (
					"-framework",
					SafariServices,
					"-framework",
					WebKit,
				);
				PRODUCT_BUNDLE_IDENTIFIER = "com.yourCompany.uBlock-Origin-development-build";
				PRODUCT_NAME = "uBlock Origin development build";
				SDKROOT = macosx;
				SWIFT_EMIT_LOC_STRINGS = YES;
				SWIFT_VERSION = 5.0;
			};
			name = Release;
		};
/* End XCBuildConfiguration section */

/* Begin XCConfigurationList section */
		869764DB2D54AF470088981E /* Build configuration list for PBXProject "uBlock Origin development build" */ = {
			isa = XCConfigurationList;
			buildConfigurations = (
				869765292D54AF4E0088981E /* Debug */,
				8697652A2D54AF4E0088981E /* Release */,
			);
			defaultConfigurationIsVisible = 0;
			defaultConfigurationName = Release;
		};
		8697652B2D54AF4E0088981E /* Build configuration list for PBXNativeTarget "uBlock Origin development build Extension (iOS)" */ = {
			isa = XCConfigurationList;
			buildConfigurations = (
				8697652C2D54AF4E0088981E /* Debug */,
				8697652D2D54AF4E0088981E /* Release */,
			);
			defaultConfigurationIsVisible = 0;
			defaultConfigurationName = Release;
		};
		8697652F2D54AF4E0088981E /* Build configuration list for PBXNativeTarget "uBlock Origin development build (iOS)" */ = {
			isa = XCConfigurationList;
			buildConfigurations = (
				869765302D54AF4E0088981E /* Debug */,
				869765312D54AF4E0088981E /* Release */,
			);
			defaultConfigurationIsVisible = 0;
			defaultConfigurationName = Release;
		};
		869765322D54AF4E0088981E /* Build configuration list for PBXNativeTarget "uBlock Origin development build Extension (macOS)" */ = {
			isa = XCConfigurationList;
			buildConfigurations = (
				869765332D54AF4E0088981E /* Debug */,
				869765342D54AF4E0088981E /* Release */,
			);
			defaultConfigurationIsVisible = 0;
			defaultConfigurationName = Release;
		};
		869765362D54AF4E0088981E /* Build configuration list for PBXNativeTarget "uBlock Origin development build (macOS)" */ = {
			isa = XCConfigurationList;
			buildConfigurations = (
				869765372D54AF4E0088981E /* Debug */,
				869765382D54AF4E0088981E /* Release */,
			);
			defaultConfigurationIsVisible = 0;
			defaultConfigurationName = Release;
		};
/* End XCConfigurationList section */
	};
	rootObject = 869764D82D54AF470088981E /* Project object */;
}
